// !$*UTF8*$!
{
	archiveVersion = 1;
	classes = {
	};
	objectVersion = 50;
	objects = {

/* Begin PBXBuildFile section */
		D63E747C253D648C000B231E /* AppDelegate.swift in Sources */ = {isa = PBXBuildFile; fileRef = D63E747B253D648C000B231E /* AppDelegate.swift */; };
		D63E747E253D648C000B231E /* SceneDelegate.swift in Sources */ = {isa = PBXBuildFile; fileRef = D63E747D253D648C000B231E /* SceneDelegate.swift */; };
		D63E7480253D648C000B231E /* ViewController.swift in Sources */ = {isa = PBXBuildFile; fileRef = D63E747F253D648C000B231E /* ViewController.swift */; };
		D63E7483253D648C000B231E /* Main.storyboard in Resources */ = {isa = PBXBuildFile; fileRef = D63E7481253D648C000B231E /* Main.storyboard */; };
		D63E7485253D648D000B231E /* Assets.xcassets in Resources */ = {isa = PBXBuildFile; fileRef = D63E7484253D648D000B231E /* Assets.xcassets */; };
		D63E7488253D648D000B231E /* LaunchScreen.storyboard in Resources */ = {isa = PBXBuildFile; fileRef = D63E7486253D648D000B231E /* LaunchScreen.storyboard */; };
		D63E7492253D6733000B231E /* RTCustomAlert.swift in Sources */ = {isa = PBXBuildFile; fileRef = D63E7490253D6733000B231E /* RTCustomAlert.swift */; };
		D63E7493253D6733000B231E /* RTCustomAlert.xib in Resources */ = {isa = PBXBuildFile; fileRef = D63E7491253D6733000B231E /* RTCustomAlert.xib */; };
		D63E7499253DFA45000B231E /* Screenshot_1.png in Resources */ = {isa = PBXBuildFile; fileRef = D63E7497253DFA45000B231E /* Screenshot_1.png */; };
		D63E749A253DFA45000B231E /* Screenshot_2.png in Resources */ = {isa = PBXBuildFile; fileRef = D63E7498253DFA45000B231E /* Screenshot_2.png */; };
/* End PBXBuildFile section */

/* Begin PBXFileReference section */
		D63E7478253D648C000B231E /* RTCustomAlert.app */ = {isa = PBXFileReference; explicitFileType = wrapper.application; includeInIndex = 0; path = RTCustomAlert.app; sourceTree = BUILT_PRODUCTS_DIR; };
		D63E747B253D648C000B231E /* AppDelegate.swift */ = {isa = PBXFileReference; lastKnownFileType = sourcecode.swift; path = AppDelegate.swift; sourceTree = "<group>"; };
		D63E747D253D648C000B231E /* SceneDelegate.swift */ = {isa = PBXFileReference; lastKnownFileType = sourcecode.swift; path = SceneDelegate.swift; sourceTree = "<group>"; };
		D63E747F253D648C000B231E /* ViewController.swift */ = {isa = PBXFileReference; lastKnownFileType = sourcecode.swift; path = ViewController.swift; sourceTree = "<group>"; };
		D63E7482253D648C000B231E /* Base */ = {isa = PBXFileReference; lastKnownFileType = file.storyboard; name = Base; path = Base.lproj/Main.storyboard; sourceTree = "<group>"; };
		D63E7484253D648D000B231E /* Assets.xcassets */ = {isa = PBXFileReference; lastKnownFileType = folder.assetcatalog; path = Assets.xcassets; sourceTree = "<group>"; };
		D63E7487253D648D000B231E /* Base */ = {isa = PBXFileReference; lastKnownFileType = file.storyboard; name = Base; path = Base.lproj/LaunchScreen.storyboard; sourceTree = "<group>"; };
		D63E7489253D648D000B231E /* Info.plist */ = {isa = PBXFileReference; lastKnownFileType = text.plist.xml; path = Info.plist; sourceTree = "<group>"; };
		D63E7490253D6733000B231E /* RTCustomAlert.swift */ = {isa = PBXFileReference; lastKnownFileType = sourcecode.swift; path = RTCustomAlert.swift; sourceTree = "<group>"; };
		D63E7491253D6733000B231E /* RTCustomAlert.xib */ = {isa = PBXFileReference; lastKnownFileType = file.xib; path = RTCustomAlert.xib; sourceTree = "<group>"; };
		D63E7497253DFA45000B231E /* Screenshot_1.png */ = {isa = PBXFileReference; lastKnownFileType = image.png; path = Screenshot_1.png; sourceTree = "<group>"; };
		D63E7498253DFA45000B231E /* Screenshot_2.png */ = {isa = PBXFileReference; lastKnownFileType = image.png; path = Screenshot_2.png; sourceTree = "<group>"; };
/* End PBXFileReference section */

/* Begin PBXFrameworksBuildPhase section */
		D63E7475253D648C000B231E /* Frameworks */ = {
			isa = PBXFrameworksBuildPhase;
			buildActionMask = 2147483647;
			files = (
			);
			runOnlyForDeploymentPostprocessing = 0;
		};
/* End PBXFrameworksBuildPhase section */

/* Begin PBXGroup section */
		D63E746F253D648C000B231E = {
			isa = PBXGroup;
			children = (
				D63E747A253D648C000B231E /* RTCustomAlert */,
				D63E7479253D648C000B231E /* Products */,
			);
			sourceTree = "<group>";
		};
		D63E7479253D648C000B231E /* Products */ = {
			isa = PBXGroup;
			children = (
				D63E7478253D648C000B231E /* RTCustomAlert.app */,
			);
			name = Products;
			sourceTree = "<group>";
		};
		D63E747A253D648C000B231E /* RTCustomAlert */ = {
			isa = PBXGroup;
			children = (
				D63E747B253D648C000B231E /* AppDelegate.swift */,
				D63E747D253D648C000B231E /* SceneDelegate.swift */,
				D63E747F253D648C000B231E /* ViewController.swift */,
				D63E7481253D648C000B231E /* Main.storyboard */,
				D63E7484253D648D000B231E /* Assets.xcassets */,
				D63E7486253D648D000B231E /* LaunchScreen.storyboard */,
				D63E7489253D648D000B231E /* Info.plist */,
				D63E749C253DFA50000B231E /* Screenshots */,
				D63E7495253DDD30000B231E /* RTCustomAlert */,
			);
			path = RTCustomAlert;
			sourceTree = "<group>";
		};
		D63E7495253DDD30000B231E /* RTCustomAlert */ = {
			isa = PBXGroup;
			children = (
				D63E7490253D6733000B231E /* RTCustomAlert.swift */,
				D63E7491253D6733000B231E /* RTCustomAlert.xib */,
			);
			path = RTCustomAlert;
			sourceTree = "<group>";
		};
		D63E749C253DFA50000B231E /* Screenshots */ = {
			isa = PBXGroup;
			children = (
				D63E7497253DFA45000B231E /* Screenshot_1.png */,
				D63E7498253DFA45000B231E /* Screenshot_2.png */,
			);
			path = Screenshots;
			sourceTree = "<group>";
		};
/* End PBXGroup section */

/* Begin PBXNativeTarget section */
		D63E7477253D648C000B231E /* RTCustomAlert */ = {
			isa = PBXNativeTarget;
			buildConfigurationList = D63E748C253D648D000B231E /* Build configuration list for PBXNativeTarget "RTCustomAlert" */;
			buildPhases = (
				D63E7474253D648C000B231E /* Sources */,
				D63E7475253D648C000B231E /* Frameworks */,
				D63E7476253D648C000B231E /* Resources */,
			);
			buildRules = (
			);
			dependencies = (
			);
			name = RTCustomAlert;
			productName = RTCustomAlert;
			productReference = D63E7478253D648C000B231E /* RTCustomAlert.app */;
			productType = "com.apple.product-type.application";
		};
/* End PBXNativeTarget section */

/* Begin PBXProject section */
		D63E7470253D648C000B231E /* Project object */ = {
			isa = PBXProject;
			attributes = {
				LastSwiftUpdateCheck = 1200;
				LastUpgradeCheck = 1200;
				TargetAttributes = {
					D63E7477253D648C000B231E = {
						CreatedOnToolsVersion = 12.0;
					};
				};
			};
			buildConfigurationList = D63E7473253D648C000B231E /* Build configuration list for PBXProject "RTCustomAlert" */;
			compatibilityVersion = "Xcode 9.3";
			developmentRegion = en;
			hasScannedForEncodings = 0;
			knownRegions = (
				en,
				Base,
			);
			mainGroup = D63E746F253D648C000B231E;
			productRefGroup = D63E7479253D648C000B231E /* Products */;
			projectDirPath = "";
			projectRoot = "";
			targets = (
				D63E7477253D648C000B231E /* RTCustomAlert */,
			);
		};
/* End PBXProject section */

/* Begin PBXResourcesBuildPhase section */
		D63E7476253D648C000B231E /* Resources */ = {
			isa = PBXResourcesBuildPhase;
			buildActionMask = 2147483647;
			files = (
				D63E7488253D648D000B231E /* LaunchScreen.storyboard in Resources */,
				D63E7485253D648D000B231E /* Assets.xcassets in Resources */,
				D63E7483253D648C000B231E /* Main.storyboard in Resources */,
				D63E7499253DFA45000B231E /* Screenshot_1.png in Resources */,
				D63E7493253D6733000B231E /* RTCustomAlert.xib in Resources */,
				D63E749A253DFA45000B231E /* Screenshot_2.png in Resources */,
			);
			runOnlyForDeploymentPostprocessing = 0;
		};
/* End PBXResourcesBuildPhase section */

/* Begin PBXSourcesBuildPhase section */
		D63E7474253D648C000B231E /* Sources */ = {
			isa = PBXSourcesBuildPhase;
			buildActionMask = 2147483647;
			files = (
				D63E7480253D648C000B231E /* ViewController.swift in Sources */,
				D63E747C253D648C000B231E /* AppDelegate.swift in Sources */,
				D63E747E253D648C000B231E /* SceneDelegate.swift in Sources */,
				D63E7492253D6733000B231E /* RTCustomAlert.swift in Sources */,
			);
			runOnlyForDeploymentPostprocessing = 0;
		};
/* End PBXSourcesBuildPhase section */

/* Begin PBXVariantGroup section */
		D63E7481253D648C000B231E /* Main.storyboard */ = {
			isa = PBXVariantGroup;
			children = (
				D63E7482253D648C000B231E /* Base */,
			);
			name = Main.storyboard;
			sourceTree = "<group>";
		};
		D63E7486253D648D000B231E /* LaunchScreen.storyboard */ = {
			isa = PBXVariantGroup;
			children = (
				D63E7487253D648D000B231E /* Base */,
			);
			name = LaunchScreen.storyboard;
			sourceTree = "<group>";
		};
/* End PBXVariantGroup section */

/* Begin XCBuildConfiguration section */
		D63E748A253D648D000B231E /* Debug */ = {
			isa = XCBuildConfiguration;
			buildSettings = {
				ALWAYS_SEARCH_USER_PATHS = NO;
				CLANG_ANALYZER_NONNULL = YES;
				CLANG_ANALYZER_NUMBER_OBJECT_CONVERSION = YES_AGGRESSIVE;
				CLANG_CXX_LANGUAGE_STANDARD = "gnu++14";
				CLANG_CXX_LIBRARY = "libc++";
				CLANG_ENABLE_MODULES = YES;
				CLANG_ENABLE_OBJC_ARC = YES;
				CLANG_ENABLE_OBJC_WEAK = YES;
				CLANG_WARN_BLOCK_CAPTURE_AUTORELEASING = YES;
				CLANG_WARN_BOOL_CONVERSION = YES;
				CLANG_WARN_COMMA = YES;
				CLANG_WARN_CONSTANT_CONVERSION = YES;
				CLANG_WARN_DEPRECATED_OBJC_IMPLEMENTATIONS = YES;
				CLANG_WARN_DIRECT_OBJC_ISA_USAGE = YES_ERROR;
				CLANG_WARN_DOCUMENTATION_COMMENTS = YES;
				CLANG_WARN_EMPTY_BODY = YES;
				CLANG_WARN_ENUM_CONVERSION = YES;
				CLANG_WARN_INFINITE_RECURSION = YES;
				CLANG_WARN_INT_CONVERSION = YES;
				CLANG_WARN_NON_LITERAL_NULL_CONVERSION = YES;
				CLANG_WARN_OBJC_IMPLICIT_RETAIN_SELF = YES;
				CLANG_WARN_OBJC_LITERAL_CONVERSION = YES;
				CLANG_WARN_OBJC_ROOT_CLASS = YES_ERROR;
				CLANG_WARN_QUOTED_INCLUDE_IN_FRAMEWORK_HEADER = YES;
				CLANG_WARN_RANGE_LOOP_ANALYSIS = YES;
				CLANG_WARN_STRICT_PROTOTYPES = YES;
				CLANG_WARN_SUSPICIOUS_MOVE = YES;
				CLANG_WARN_UNGUARDED_AVAILABILITY = YES_AGGRESSIVE;
				CLANG_WARN_UNREACHABLE_CODE = YES;
				CLANG_WARN__DUPLICATE_METHOD_MATCH = YES;
				COPY_PHASE_STRIP = NO;
				DEBUG_INFORMATION_FORMAT = dwarf;
				ENABLE_STRICT_OBJC_MSGSEND = YES;
				ENABLE_TESTABILITY = YES;
				GCC_C_LANGUAGE_STANDARD = gnu11;
				GCC_DYNAMIC_NO_PIC = NO;
				GCC_NO_COMMON_BLOCKS = YES;
				GCC_OPTIMIZATION_LEVEL = 0;
				GCC_PREPROCESSOR_DEFINITIONS = (
					"DEBUG=1",
					"$(inherited)",
				);
				GCC_WARN_64_TO_32_BIT_CONVERSION = YES;
				GCC_WARN_ABOUT_RETURN_TYPE = YES_ERROR;
				GCC_WARN_UNDECLARED_SELECTOR = YES;
				GCC_WARN_UNINITIALIZED_AUTOS = YES_AGGRESSIVE;
				GCC_WARN_UNUSED_FUNCTION = YES;
				GCC_WARN_UNUSED_VARIABLE = YES;
				IPHONEOS_DEPLOYMENT_TARGET = 14.0;
				MTL_ENABLE_DEBUG_INFO = INCLUDE_SOURCE;
				MTL_FAST_MATH = YES;
				ONLY_ACTIVE_ARCH = YES;
				SDKROOT = iphoneos;
				SWIFT_ACTIVE_COMPILATION_CONDITIONS = DEBUG;
				SWIFT_OPTIMIZATION_LEVEL = "-Onone";
			};
			name = Debug;
		};
		D63E748B253D648D000B231E /* Release */ = {
			isa = XCBuildConfiguration;
			buildSettings = {
				ALWAYS_SEARCH_USER_PATHS = NO;
				CLANG_ANALYZER_NONNULL = YES;
				CLANG_ANALYZER_NUMBER_OBJECT_CONVERSION = YES_AGGRESSIVE;
				CLANG_CXX_LANGUAGE_STANDARD = "gnu++14";
				CLANG_CXX_LIBRARY = "libc++";
				CLANG_ENABLE_MODULES = YES;
				CLANG_ENABLE_OBJC_ARC = YES;
				CLANG_ENABLE_OBJC_WEAK = YES;
				CLANG_WARN_BLOCK_CAPTURE_AUTORELEASING = YES;
				CLANG_WARN_BOOL_CONVERSION = YES;
				CLANG_WARN_COMMA = YES;
				CLANG_WARN_CONSTANT_CONVERSION = YES;
				CLANG_WARN_DEPRECATED_OBJC_IMPLEMENTATIONS = YES;
				CLANG_WARN_DIRECT_OBJC_ISA_USAGE = YES_ERROR;
				CLANG_WARN_DOCUMENTATION_COMMENTS = YES;
				CLANG_WARN_EMPTY_BODY = YES;
				CLANG_WARN_ENUM_CONVERSION = YES;
				CLANG_WARN_INFINITE_RECURSION = YES;
				CLANG_WARN_INT_CONVERSION = YES;
				CLANG_WARN_NON_LITERAL_NULL_CONVERSION = YES;
				CLANG_WARN_OBJC_IMPLICIT_RETAIN_SELF = YES;
				CLANG_WARN_OBJC_LITERAL_CONVERSION = YES;
				CLANG_WARN_OBJC_ROOT_CLASS = YES_ERROR;
				CLANG_WARN_QUOTED_INCLUDE_IN_FRAMEWORK_HEADER = YES;
				CLANG_WARN_RANGE_LOOP_ANALYSIS = YES;
				CLANG_WARN_STRICT_PROTOTYPES = YES;
				CLANG_WARN_SUSPICIOUS_MOVE = YES;
				CLANG_WARN_UNGUARDED_AVAILABILITY = YES_AGGRESSIVE;
				CLANG_WARN_UNREACHABLE_CODE = YES;
				CLANG_WARN__DUPLICATE_METHOD_MATCH = YES;
				COPY_PHASE_STRIP = NO;
				DEBUG_INFORMATION_FORMAT = "dwarf-with-dsym";
				ENABLE_NS_ASSERTIONS = NO;
				ENABLE_STRICT_OBJC_MSGSEND = YES;
				GCC_C_LANGUAGE_STANDARD = gnu11;
				GCC_NO_COMMON_BLOCKS = YES;
				GCC_WARN_64_TO_32_BIT_CONVERSION = YES;
				GCC_WARN_ABOUT_RETURN_TYPE = YES_ERROR;
				GCC_WARN_UNDECLARED_SELECTOR = YES;
				GCC_WARN_UNINITIALIZED_AUTOS = YES_AGGRESSIVE;
				GCC_WARN_UNUSED_FUNCTION = YES;
				GCC_WARN_UNUSED_VARIABLE = YES;
				IPHONEOS_DEPLOYMENT_TARGET = 14.0;
				MTL_ENABLE_DEBUG_INFO = NO;
				MTL_FAST_MATH = YES;
				SDKROOT = iphoneos;
				SWIFT_COMPILATION_MODE = wholemodule;
				SWIFT_OPTIMIZATION_LEVEL = "-O";
				VALIDATE_PRODUCT = YES;
			};
			name = Release;
		};
		D63E748D253D648D000B231E /* Debug */ = {
			isa = XCBuildConfiguration;
			buildSettings = {
				ASSETCATALOG_COMPILER_APPICON_NAME = AppIcon;
				ASSETCATALOG_COMPILER_GLOBAL_ACCENT_COLOR_NAME = AccentColor;
				CODE_SIGN_STYLE = Automatic;
				INFOPLIST_FILE = RTCustomAlert/Info.plist;
				LD_RUNPATH_SEARCH_PATHS = (
					"$(inherited)",
					"@executable_path/Frameworks",
				);
				PRODUCT_BUNDLE_IDENTIFIER = com.rohit.RTCustomAlert;
				PRODUCT_NAME = "$(TARGET_NAME)";
				SWIFT_VERSION = 5.0;
				TARGETED_DEVICE_FAMILY = "1,2";
			};
			name = Debug;
		};
		D63E748E253D648D000B231E /* Release */ = {
			isa = XCBuildConfiguration;
			buildSettings = {
				ASSETCATALOG_COMPILER_APPICON_NAME = AppIcon;
				ASSETCATALOG_COMPILER_GLOBAL_ACCENT_COLOR_NAME = AccentColor;
				CODE_SIGN_STYLE = Automatic;
				INFOPLIST_FILE = RTCustomAlert/Info.plist;
				LD_RUNPATH_SEARCH_PATHS = (
					"$(inherited)",
					"@executable_path/Frameworks",
				);
				PRODUCT_BUNDLE_IDENTIFIER = com.rohit.RTCustomAlert;
				PRODUCT_NAME = "$(TARGET_NAME)";
				SWIFT_VERSION = 5.0;
				TARGETED_DEVICE_FAMILY = "1,2";
			};
			name = Release;
		};
/* End XCBuildConfiguration section */

/* Begin XCConfigurationList section */
		D63E7473253D648C000B231E /* Build configuration list for PBXProject "RTCustomAlert" */ = {
			isa = XCConfigurationList;
			buildConfigurations = (
				D63E748A253D648D000B231E /* Debug */,
				D63E748B253D648D000B231E /* Release */,
			);
			defaultConfigurationIsVisible = 0;
			defaultConfigurationName = Release;
		};
		D63E748C253D648D000B231E /* Build configuration list for PBXNativeTarget "RTCustomAlert" */ = {
			isa = XCConfigurationList;
			buildConfigurations = (
				D63E748D253D648D000B231E /* Debug */,
				D63E748E253D648D000B231E /* Release */,
			);
			defaultConfigurationIsVisible = 0;
			defaultConfigurationName = Release;
		};
/* End XCConfigurationList section */
	};
	rootObject = D63E7470253D648C000B231E /* Project object */;
}
